
Microsoft Visual Studio Solution File, Format Version 12.00
# Visual Studio Version 17
VisualStudioVersion = 17.0.31903.59
MinimumVisualStudioVersion = 10.0.40219.1
Project("{8BC9CEB8-8B4A-11D0-8D11-00A0C91BC942}") = "Direct2Homework01", "Direct2Homework01.vcxproj", "{195011F2-0BCC-42C8-8CDF-B5B6B1AB0E67}"
EndProject
Global
	GlobalSection(SolutionConfigurationPlatforms) = preSolution
		Debug|x64 = Debug|x64
		Debug|x86 = Debug|x86
		Release|x64 = Release|x64
		Release|x86 = Release|x86
	EndGlobalSection
	GlobalSection(ProjectConfigurationPlatforms) = postSolution
		{195011F2-0BCC-42C8-8CDF-B5B6B1AB0E67}.Debug|x64.ActiveCfg = Debug|x64
		{195011F2-0BCC-42C8-8CDF-B5B6B1AB0E67}.Debug|x64.Build.0 = Debug|x64
		{195011F2-0BCC-42C8-8CDF-B5B6B1AB0E67}.Debug|x86.ActiveCfg = Debug|Win32
		{195011F2-0BCC-42C8-8CDF-B5B6B1AB0E67}.Debug|x86.Build.0 = Debug|Win32
		{195011F2-0BCC-42C8-8CDF-B5B6B1AB0E67}.Release|x64.ActiveCfg = Release|x64
		{195011F2-0BCC-42C8-8CDF-B5B6B1AB0E67}.Release|x64.Build.0 = Release|x64
		{195011F2-0BCC-42C8-8CDF-B5B6B1AB0E67}.Release|x86.ActiveCfg = Release|Win32
		{195011F2-0BCC-42C8-8CDF-B5B6B1AB0E67}.Release|x86.Build.0 = Release|Win32
	EndGlobalSection
	GlobalSection(SolutionProperties) = preSolution
		HideSolutionNode = FALSE
	EndGlobalSection
	GlobalSection(ExtensibilityGlobals) = postSolution
		SolutionGuid = {067B39E1-E80C-4066-9E88-795325909AC8}
	EndGlobalSection
EndGlobal
